
Microsoft Visual Studio Solution File, Format Version 12.00
# Visual Studio Version 17
VisualStudioVersion = 17.8.34316.72
MinimumVisualStudioVersion = 10.0.40219.1
Project("{8BC9CEB8-8B4A-11D0-8D11-00A0C91BC942}") = "raytmx-example", "raytmx-example.vcxproj", "{B0459A2A-AE34-4B58-B106-1606073E9454}"
EndProject
Global
	GlobalSection(SolutionConfigurationPlatforms) = preSolution
		Debug|x64 = Debug|x64
		Debug|x86 = Debug|x86
		Release|x64 = Release|x64
		Release|x86 = Release|x86
	EndGlobalSection
	GlobalSection(ProjectConfigurationPlatforms) = postSolution
		{B0459A2A-AE34-4B58-B106-1606073E9454}.Debug|x64.ActiveCfg = Debug|x64
		{B0459A2A-AE34-4B58-B106-1606073E9454}.Debug|x64.Build.0 = Debug|x64
		{B0459A2A-AE34-4B58-B106-1606073E9454}.Debug|x86.ActiveCfg = Debug|Win32
		{B0459A2A-AE34-4B58-B106-1606073E9454}.Debug|x86.Build.0 = Debug|Win32
		{B0459A2A-AE34-4B58-B106-1606073E9454}.Release|x64.ActiveCfg = Release|x64
		{B0459A2A-AE34-4B58-B106-1606073E9454}.Release|x64.Build.0 = Release|x64
		{B0459A2A-AE34-4B58-B106-1606073E9454}.Release|x86.ActiveCfg = Release|Win32
		{B0459A2A-AE34-4B58-B106-1606073E9454}.Release|x86.Build.0 = Release|Win32
	EndGlobalSection
	GlobalSection(SolutionProperties) = preSolution
		HideSolutionNode = FALSE
	EndGlobalSection
	GlobalSection(ExtensibilityGlobals) = postSolution
		SolutionGuid = {B12E1F43-885F-41EB-BAE5-B69AA6CBE7EC}
	EndGlobalSection
EndGlobal
